// !$*UTF8*$!
{
	archiveVersion = 1;
	classes = {
	};
	objectVersion = 46;
	objects = {

/* Begin PBXBuildFile section */
		18074B321D207C060090098A /* FoodDetailsViewController.swift in Sources */ = {isa = PBXBuildFile; fileRef = 18074B311D207C060090098A /* FoodDetailsViewController.swift */; };
		18074B341D207FDA0090098A /* CartViewController.swift in Sources */ = {isa = PBXBuildFile; fileRef = 18074B331D207FDA0090098A /* CartViewController.swift */; };
		180D1A301D25A1FC00431466 /* Localizable.strings in Resources */ = {isa = PBXBuildFile; fileRef = 180D1A321D25A1FC00431466 /* Localizable.strings */; };
		180D1A381D25A76F00431466 /* AdminStartViewController.swift in Sources */ = {isa = PBXBuildFile; fileRef = 180D1A371D25A76F00431466 /* AdminStartViewController.swift */; };
		180D1A3C1D25B07600431466 /* NotificationViewController.swift in Sources */ = {isa = PBXBuildFile; fileRef = 180D1A3B1D25B07600431466 /* NotificationViewController.swift */; };
		180D1A3F1D25B99900431466 /* NotificationCell.swift in Sources */ = {isa = PBXBuildFile; fileRef = 180D1A3E1D25B99900431466 /* NotificationCell.swift */; };
		180D1A411D25BFD500431466 /* OrderViewController.swift in Sources */ = {isa = PBXBuildFile; fileRef = 180D1A401D25BFD500431466 /* OrderViewController.swift */; };
		180D1A441D25C30F00431466 /* OrderCell.swift in Sources */ = {isa = PBXBuildFile; fileRef = 180D1A431D25C30F00431466 /* OrderCell.swift */; };
		181522621D286B450003A032 /* OrderService.swift in Sources */ = {isa = PBXBuildFile; fileRef = 181522611D286B450003A032 /* OrderService.swift */; };
		184C94701D1C6B60004A165E /* FoodCollectionViewCell.swift in Sources */ = {isa = PBXBuildFile; fileRef = 184C946F1D1C6B60004A165E /* FoodCollectionViewCell.swift */; };
		1858F8471D205FA8002FE25A /* vrinda.ttf in Resources */ = {isa = PBXBuildFile; fileRef = 1858F8461D205F80002FE25A /* vrinda.ttf */; };
		185BCF8C1D26B1110000D51D /* FoodTypesService.swift in Sources */ = {isa = PBXBuildFile; fileRef = 185BCF8B1D26B1110000D51D /* FoodTypesService.swift */; };
		185BCF8E1D26B3490000D51D /* FoodType.swift in Sources */ = {isa = PBXBuildFile; fileRef = 185BCF8D1D26B3490000D51D /* FoodType.swift */; };
		185BCF901D26CCCF0000D51D /* ImageView.swift in Sources */ = {isa = PBXBuildFile; fileRef = 185BCF8F1D26CCCF0000D51D /* ImageView.swift */; };
		185EF3A91D1F2116009AFFAB /* ButtonLabel.swift in Sources */ = {isa = PBXBuildFile; fileRef = 185EF3A71D1F2116009AFFAB /* ButtonLabel.swift */; };
		185EF3AA1D1F2116009AFFAB /* Labell.swift in Sources */ = {isa = PBXBuildFile; fileRef = 185EF3A81D1F2116009AFFAB /* Labell.swift */; };
		1861EDF81D28601D00E136F0 /* UIViewToast.swift in Sources */ = {isa = PBXBuildFile; fileRef = 1861EDF71D28601D00E136F0 /* UIViewToast.swift */; };
		187359721D2543CF00053227 /* CartCell.swift in Sources */ = {isa = PBXBuildFile; fileRef = 187359711D2543CF00053227 /* CartCell.swift */; };
		18880CEE1D270FF900ABF378 /* Cart.swift in Sources */ = {isa = PBXBuildFile; fileRef = 18880CED1D270FF900ABF378 /* Cart.swift */; };
		188BC5FE1D26DC4F00304873 /* TableNumberService.swift in Sources */ = {isa = PBXBuildFile; fileRef = 188BC5FD1D26DC4F00304873 /* TableNumberService.swift */; };
		189FE8B91D26E0CF00479632 /* EZLoadingActivity.swift in Sources */ = {isa = PBXBuildFile; fileRef = 189FE8B81D26E0CF00479632 /* EZLoadingActivity.swift */; };
		189FE8BB1D26EC4600479632 /* FoodService.swift in Sources */ = {isa = PBXBuildFile; fileRef = 189FE8BA1D26EC4600479632 /* FoodService.swift */; };
		189FE8BD1D26EC7800479632 /* Food.swift in Sources */ = {isa = PBXBuildFile; fileRef = 189FE8BC1D26EC7800479632 /* Food.swift */; };
		18AEBE741D315C6D002CA275 /* Order.swift in Sources */ = {isa = PBXBuildFile; fileRef = 18AEBE721D315C6C002CA275 /* Order.swift */; };
		18AEBE751D315C6D002CA275 /* OrderItem.swift in Sources */ = {isa = PBXBuildFile; fileRef = 18AEBE731D315C6C002CA275 /* OrderItem.swift */; };
		18AEBE771D315C8D002CA275 /* NotificationService.swift in Sources */ = {isa = PBXBuildFile; fileRef = 18AEBE761D315C8D002CA275 /* NotificationService.swift */; };
		18AEBE791D315CC1002CA275 /* Date.swift in Sources */ = {isa = PBXBuildFile; fileRef = 18AEBE781D315CC1002CA275 /* Date.swift */; };
		18AEBE7D1D31A11C002CA275 /* ImageData.swift in Sources */ = {isa = PBXBuildFile; fileRef = 18AEBE7C1D31A11C002CA275 /* ImageData.swift */; };
		18AEBE7F1D31A1AA002CA275 /* GenericDomain.swift in Sources */ = {isa = PBXBuildFile; fileRef = 18AEBE7E1D31A1AA002CA275 /* GenericDomain.swift */; };
		18AEBE821D31A2D0002CA275 /* DaoUtil.swift in Sources */ = {isa = PBXBuildFile; fileRef = 18AEBE801D31A2D0002CA275 /* DaoUtil.swift */; };
		18AEBE831D31A2D0002CA275 /* GenericDao.swift in Sources */ = {isa = PBXBuildFile; fileRef = 18AEBE811D31A2D0002CA275 /* GenericDao.swift */; };
		18AEBE851D31A2F5002CA275 /* ImageDataDao.swift in Sources */ = {isa = PBXBuildFile; fileRef = 18AEBE841D31A2F5002CA275 /* ImageDataDao.swift */; };
		18AEBE871D31A3D0002CA275 /* ImageDataService.swift in Sources */ = {isa = PBXBuildFile; fileRef = 18AEBE861D31A3D0002CA275 /* ImageDataService.swift */; };
		18B3AE321D1B0F8A00389895 /* AppDelegate.swift in Sources */ = {isa = PBXBuildFile; fileRef = 18B3AE311D1B0F8900389895 /* AppDelegate.swift */; };
		18B3AE371D1B0F8A00389895 /* Main.storyboard in Resources */ = {isa = PBXBuildFile; fileRef = 18B3AE351D1B0F8A00389895 /* Main.storyboard */; };
		18B3AE3C1D1B0F8A00389895 /* Assets.xcassets in Resources */ = {isa = PBXBuildFile; fileRef = 18B3AE3B1D1B0F8A00389895 /* Assets.xcassets */; };
		18B3AE3F1D1B0F8A00389895 /* LaunchScreen.storyboard in Resources */ = {isa = PBXBuildFile; fileRef = 18B3AE3D1D1B0F8A00389895 /* LaunchScreen.storyboard */; };
		18B3AE531D1B122D00389895 /* Info.plist in Resources */ = {isa = PBXBuildFile; fileRef = 18B3AE521D1B122D00389895 /* Info.plist */; };
		18B3AE561D1B12A900389895 /* RestApiManager.swift in Sources */ = {isa = PBXBuildFile; fileRef = 18B3AE541D1B12A900389895 /* RestApiManager.swift */; };
		18B3AE571D1B12A900389895 /* SwiftyJSON.swift in Sources */ = {isa = PBXBuildFile; fileRef = 18B3AE551D1B12A900389895 /* SwiftyJSON.swift */; };
		18B3AE591D1B12D900389895 /* StartViewController.swift in Sources */ = {isa = PBXBuildFile; fileRef = 18B3AE581D1B12D900389895 /* StartViewController.swift */; };
		18B3AE5C1D1B139200389895 /* RestaurantApp.xcdatamodeld in Sources */ = {isa = PBXBuildFile; fileRef = 18B3AE5A1D1B139200389895 /* RestaurantApp.xcdatamodeld */; };
		18B3AE6B1D1B154000389895 /* Admin.storyboard in Resources */ = {isa = PBXBuildFile; fileRef = 18B3AE6D1D1B154000389895 /* Admin.storyboard */; };
		18B3AE741D1B36FB00389895 /* dropDownMenuCell.swift in Sources */ = {isa = PBXBuildFile; fileRef = 18B3AE731D1B36FB00389895 /* dropDownMenuCell.swift */; };
		18B3AE761D1B3F8000389895 /* FoodTypesViewController.swift in Sources */ = {isa = PBXBuildFile; fileRef = 18B3AE751D1B3F8000389895 /* FoodTypesViewController.swift */; };
		18D75FC31D208BF7004A2013 /* iCarousel.m in Sources */ = {isa = PBXBuildFile; fileRef = 18D75FC21D208BF7004A2013 /* iCarousel.m */; };
		18D75FC61D208EA9004A2013 /* FoodDetailsView.swift in Sources */ = {isa = PBXBuildFile; fileRef = 18D75FC51D208EA9004A2013 /* FoodDetailsView.swift */; };
		18D75FC81D208EC6004A2013 /* FoodDetailsView.xib in Resources */ = {isa = PBXBuildFile; fileRef = 18D75FC71D208EC6004A2013 /* FoodDetailsView.xib */; };
		BFB884AD8F8278D6D8D8C0B3 /* Pods_RestaurantApp.framework in Frameworks */ = {isa = PBXBuildFile; fileRef = F1E72EAD3F0C137FC1E71068 /* Pods_RestaurantApp.framework */; };
		F71865931D7F4537003BF4A3 /* FoodTypeDMViewController.swift in Sources */ = {isa = PBXBuildFile; fileRef = F71865921D7F4537003BF4A3 /* FoodTypeDMViewController.swift */; };
		F71B1C751D836A1200340EB0 /* DMFoodCell.swift in Sources */ = {isa = PBXBuildFile; fileRef = F71B1C741D836A1200340EB0 /* DMFoodCell.swift */; };
		F71B1C771D83ED3700340EB0 /* addOrEditFoodViewController.swift in Sources */ = {isa = PBXBuildFile; fileRef = F71B1C761D83ED3700340EB0 /* addOrEditFoodViewController.swift */; };
		F71D49251D8A7AF400F9E877 /* StatisticsService.swift in Sources */ = {isa = PBXBuildFile; fileRef = F71D49241D8A7AF400F9E877 /* StatisticsService.swift */; };
		F71D49271D8A7B6200F9E877 /* StatisticsItem.swift in Sources */ = {isa = PBXBuildFile; fileRef = F71D49261D8A7B6200F9E877 /* StatisticsItem.swift */; };
		F71D49291D8A808F00F9E877 /* ChartViewController.swift in Sources */ = {isa = PBXBuildFile; fileRef = F71D49281D8A808F00F9E877 /* ChartViewController.swift */; };
		F71D492B1D8A809F00F9E877 /* DataViewController.swift in Sources */ = {isa = PBXBuildFile; fileRef = F71D492A1D8A809F00F9E877 /* DataViewController.swift */; };
		F7875A681D8F5105004B1B7F /* DataStatisticsCell.swift in Sources */ = {isa = PBXBuildFile; fileRef = F7875A671D8F5105004B1B7F /* DataStatisticsCell.swift */; };
		F789450D1D95621500E58B0D /* PNBar.swift in Sources */ = {isa = PBXBuildFile; fileRef = F789450B1D95621500E58B0D /* PNBar.swift */; };
		F789450E1D95621500E58B0D /* PNBarChart.swift in Sources */ = {isa = PBXBuildFile; fileRef = F789450C1D95621500E58B0D /* PNBarChart.swift */; };
		F78945131D95622500E58B0D /* PNChartConfig.swift in Sources */ = {isa = PBXBuildFile; fileRef = F789450F1D95622500E58B0D /* PNChartConfig.swift */; };
		F78945141D95622500E58B0D /* PNChartDelegate.swift in Sources */ = {isa = PBXBuildFile; fileRef = F78945101D95622500E58B0D /* PNChartDelegate.swift */; };
		F78945151D95622500E58B0D /* PNValue.swift in Sources */ = {isa = PBXBuildFile; fileRef = F78945121D95622500E58B0D /* PNValue.swift */; };
		F78945191D95623200E58B0D /* PNChartLabel.swift in Sources */ = {isa = PBXBuildFile; fileRef = F78945161D95623200E58B0D /* PNChartLabel.swift */; };
		F789451A1D95623200E58B0D /* PNLineChart.swift in Sources */ = {isa = PBXBuildFile; fileRef = F78945171D95623200E58B0D /* PNLineChart.swift */; };
		F789451B1D95623200E58B0D /* PNLineChartData.swift in Sources */ = {isa = PBXBuildFile; fileRef = F78945181D95623200E58B0D /* PNLineChartData.swift */; };
		F794DA371D81A025009FA0CA /* AddOrEditFoodTypeViewController.swift in Sources */ = {isa = PBXBuildFile; fileRef = F794DA361D81A025009FA0CA /* AddOrEditFoodTypeViewController.swift */; };
		F794DA391D81A0DB009FA0CA /* NavigationControllerHelper.swift in Sources */ = {isa = PBXBuildFile; fileRef = F794DA381D81A0DB009FA0CA /* NavigationControllerHelper.swift */; };
		F794DA3B1D81BAA0009FA0CA /* UIViewControllerExtention.swift in Sources */ = {isa = PBXBuildFile; fileRef = F794DA3A1D81BA9F009FA0CA /* UIViewControllerExtention.swift */; };
		F794DA3D1D81DE24009FA0CA /* FoodDMViewController.swift in Sources */ = {isa = PBXBuildFile; fileRef = F794DA3C1D81DE24009FA0CA /* FoodDMViewController.swift */; };
		F7980AFE1D8989C2002AF51A /* StatisticsViewController.swift in Sources */ = {isa = PBXBuildFile; fileRef = F7980AFD1D8989C2002AF51A /* StatisticsViewController.swift */; };
		F7980B011D89A052002AF51A /* NormalCell.swift in Sources */ = {isa = PBXBuildFile; fileRef = F7980B001D89A052002AF51A /* NormalCell.swift */; };
		F79F9CF51D625DF300909BAA /* VLADIMIR.TTF in Resources */ = {isa = PBXBuildFile; fileRef = F79F9CF41D625C4E00909BAA /* VLADIMIR.TTF */; };
		F7D1B1F01D7E121A00BA0AD3 /* DMFoodTypeCell.swift in Sources */ = {isa = PBXBuildFile; fileRef = F7D1B1EF1D7E121A00BA0AD3 /* DMFoodTypeCell.swift */; };
		F7E0CA641D842F1300E625B7 /* StringExtention.swift in Sources */ = {isa = PBXBuildFile; fileRef = F7E0CA631D842F1300E625B7 /* StringExtention.swift */; };
		F7E0CA681D85545D00E625B7 /* TableNumbersViewController.swift in Sources */ = {isa = PBXBuildFile; fileRef = F7E0CA671D85545D00E625B7 /* TableNumbersViewController.swift */; };
		F7E0CA6B1D855F1300E625B7 /* TableNumberCell.swift in Sources */ = {isa = PBXBuildFile; fileRef = F7E0CA6A1D855F1300E625B7 /* TableNumberCell.swift */; };
		F7E0CA6D1D85683500E625B7 /* TableNumber.swift in Sources */ = {isa = PBXBuildFile; fileRef = F7E0CA6C1D85683500E625B7 /* TableNumber.swift */; };
/* End PBXBuildFile section */

/* Begin PBXFileReference section */
		18074B311D207C060090098A /* FoodDetailsViewController.swift */ = {isa = PBXFileReference; fileEncoding = 4; lastKnownFileType = sourcecode.swift; path = FoodDetailsViewController.swift; sourceTree = "<group>"; };
		18074B331D207FDA0090098A /* CartViewController.swift */ = {isa = PBXFileReference; fileEncoding = 4; lastKnownFileType = sourcecode.swift; path = CartViewController.swift; sourceTree = "<group>"; };
		180D1A311D25A1FC00431466 /* en */ = {isa = PBXFileReference; lastKnownFileType = text.plist.strings; name = en; path = en.lproj/Localizable.strings; sourceTree = "<group>"; };
		180D1A331D25A1FF00431466 /* tr */ = {isa = PBXFileReference; lastKnownFileType = text.plist.strings; name = tr; path = tr.lproj/Localizable.strings; sourceTree = "<group>"; };
		180D1A341D25A20100431466 /* ar */ = {isa = PBXFileReference; lastKnownFileType = text.plist.strings; name = ar; path = ar.lproj/Localizable.strings; sourceTree = "<group>"; };
		180D1A371D25A76F00431466 /* AdminStartViewController.swift */ = {isa = PBXFileReference; fileEncoding = 4; lastKnownFileType = sourcecode.swift; path = AdminStartViewController.swift; sourceTree = "<group>"; };
		180D1A3B1D25B07600431466 /* NotificationViewController.swift */ = {isa = PBXFileReference; fileEncoding = 4; lastKnownFileType = sourcecode.swift; path = NotificationViewController.swift; sourceTree = "<group>"; };
		180D1A3E1D25B99900431466 /* NotificationCell.swift */ = {isa = PBXFileReference; fileEncoding = 4; lastKnownFileType = sourcecode.swift; path = NotificationCell.swift; sourceTree = "<group>"; };
		180D1A401D25BFD500431466 /* OrderViewController.swift */ = {isa = PBXFileReference; fileEncoding = 4; lastKnownFileType = sourcecode.swift; path = OrderViewController.swift; sourceTree = "<group>"; };
		180D1A431D25C30F00431466 /* OrderCell.swift */ = {isa = PBXFileReference; fileEncoding = 4; lastKnownFileType = sourcecode.swift; path = OrderCell.swift; sourceTree = "<group>"; };
		181522611D286B450003A032 /* OrderService.swift */ = {isa = PBXFileReference; fileEncoding = 4; lastKnownFileType = sourcecode.swift; path = OrderService.swift; sourceTree = "<group>"; };
		184C946F1D1C6B60004A165E /* FoodCollectionViewCell.swift */ = {isa = PBXFileReference; fileEncoding = 4; lastKnownFileType = sourcecode.swift; path = FoodCollectionViewCell.swift; sourceTree = "<group>"; };
		1858F8461D205F80002FE25A /* vrinda.ttf */ = {isa = PBXFileReference; lastKnownFileType = file; path = vrinda.ttf; sourceTree = "<group>"; };
		185BCF8B1D26B1110000D51D /* FoodTypesService.swift */ = {isa = PBXFileReference; fileEncoding = 4; lastKnownFileType = sourcecode.swift; path = FoodTypesService.swift; sourceTree = "<group>"; };
		185BCF8D1D26B3490000D51D /* FoodType.swift */ = {isa = PBXFileReference; fileEncoding = 4; lastKnownFileType = sourcecode.swift; path = FoodType.swift; sourceTree = "<group>"; };
		185BCF8F1D26CCCF0000D51D /* ImageView.swift */ = {isa = PBXFileReference; fileEncoding = 4; lastKnownFileType = sourcecode.swift; path = ImageView.swift; sourceTree = "<group>"; };
		185EF3A71D1F2116009AFFAB /* ButtonLabel.swift */ = {isa = PBXFileReference; fileEncoding = 4; lastKnownFileType = sourcecode.swift; name = ButtonLabel.swift; path = Extentions/ButtonLabel.swift; sourceTree = "<group>"; };
		185EF3A81D1F2116009AFFAB /* Labell.swift */ = {isa = PBXFileReference; fileEncoding = 4; lastKnownFileType = sourcecode.swift; name = Labell.swift; path = Extentions/Labell.swift; sourceTree = "<group>"; };
		1861EDF71D28601D00E136F0 /* UIViewToast.swift */ = {isa = PBXFileReference; fileEncoding = 4; lastKnownFileType = sourcecode.swift; name = UIViewToast.swift; path = Extentions/UIViewToast.swift; sourceTree = "<group>"; };
		187359711D2543CF00053227 /* CartCell.swift */ = {isa = PBXFileReference; fileEncoding = 4; lastKnownFileType = sourcecode.swift; path = CartCell.swift; sourceTree = "<group>"; };
		18880CED1D270FF900ABF378 /* Cart.swift */ = {isa = PBXFileReference; fileEncoding = 4; lastKnownFileType = sourcecode.swift; path = Cart.swift; sourceTree = "<group>"; };
		188BC5FD1D26DC4F00304873 /* TableNumberService.swift */ = {isa = PBXFileReference; fileEncoding = 4; lastKnownFileType = sourcecode.swift; path = TableNumberService.swift; sourceTree = "<group>"; };
		189FE8B81D26E0CF00479632 /* EZLoadingActivity.swift */ = {isa = PBXFileReference; fileEncoding = 4; lastKnownFileType = sourcecode.swift; name = EZLoadingActivity.swift; path = Components/EZLoadingActivity.swift; sourceTree = "<group>"; };
		189FE8BA1D26EC4600479632 /* FoodService.swift */ = {isa = PBXFileReference; fileEncoding = 4; lastKnownFileType = sourcecode.swift; path = FoodService.swift; sourceTree = "<group>"; };
		189FE8BC1D26EC7800479632 /* Food.swift */ = {isa = PBXFileReference; fileEncoding = 4; lastKnownFileType = sourcecode.swift; path = Food.swift; sourceTree = "<group>"; };
		18AEBE651D31586B002CA275 /* Base */ = {isa = PBXFileReference; lastKnownFileType = file.storyboard; name = Base; path = Base.lproj/Admin.storyboard; sourceTree = "<group>"; };
		18AEBE6D1D315969002CA275 /* en */ = {isa = PBXFileReference; lastKnownFileType = text.plist.strings; name = en; path = en.lproj/Main.strings; sourceTree = "<group>"; };
		18AEBE6F1D31596D002CA275 /* tr */ = {isa = PBXFileReference; lastKnownFileType = text.plist.strings; name = tr; path = tr.lproj/Main.strings; sourceTree = "<group>"; };
		18AEBE711D31596F002CA275 /* ar */ = {isa = PBXFileReference; lastKnownFileType = text.plist.strings; name = ar; path = ar.lproj/Main.strings; sourceTree = "<group>"; };
		18AEBE721D315C6C002CA275 /* Order.swift */ = {isa = PBXFileReference; fileEncoding = 4; lastKnownFileType = sourcecode.swift; path = Order.swift; sourceTree = "<group>"; };
		18AEBE731D315C6C002CA275 /* OrderItem.swift */ = {isa = PBXFileReference; fileEncoding = 4; lastKnownFileType = sourcecode.swift; path = OrderItem.swift; sourceTree = "<group>"; };
		18AEBE761D315C8D002CA275 /* NotificationService.swift */ = {isa = PBXFileReference; fileEncoding = 4; lastKnownFileType = sourcecode.swift; path = NotificationService.swift; sourceTree = "<group>"; };
		18AEBE781D315CC1002CA275 /* Date.swift */ = {isa = PBXFileReference; fileEncoding = 4; lastKnownFileType = sourcecode.swift; path = Date.swift; sourceTree = "<group>"; };
		18AEBE7C1D31A11C002CA275 /* ImageData.swift */ = {isa = PBXFileReference; fileEncoding = 4; lastKnownFileType = sourcecode.swift; path = ImageData.swift; sourceTree = "<group>"; };
		18AEBE7E1D31A1AA002CA275 /* GenericDomain.swift */ = {isa = PBXFileReference; fileEncoding = 4; lastKnownFileType = sourcecode.swift; path = GenericDomain.swift; sourceTree = "<group>"; };
		18AEBE801D31A2D0002CA275 /* DaoUtil.swift */ = {isa = PBXFileReference; fileEncoding = 4; lastKnownFileType = sourcecode.swift; path = DaoUtil.swift; sourceTree = "<group>"; };
		18AEBE811D31A2D0002CA275 /* GenericDao.swift */ = {isa = PBXFileReference; fileEncoding = 4; lastKnownFileType = sourcecode.swift; path = GenericDao.swift; sourceTree = "<group>"; };
		18AEBE841D31A2F5002CA275 /* ImageDataDao.swift */ = {isa = PBXFileReference; fileEncoding = 4; lastKnownFileType = sourcecode.swift; path = ImageDataDao.swift; sourceTree = "<group>"; };
		18AEBE861D31A3D0002CA275 /* ImageDataService.swift */ = {isa = PBXFileReference; fileEncoding = 4; lastKnownFileType = sourcecode.swift; path = ImageDataService.swift; sourceTree = "<group>"; };
		18B3AE2E1D1B0F8900389895 /* RestaurantApp.app */ = {isa = PBXFileReference; explicitFileType = wrapper.application; includeInIndex = 0; path = RestaurantApp.app; sourceTree = BUILT_PRODUCTS_DIR; };
		18B3AE311D1B0F8900389895 /* AppDelegate.swift */ = {isa = PBXFileReference; lastKnownFileType = sourcecode.swift; path = AppDelegate.swift; sourceTree = "<group>"; };
		18B3AE361D1B0F8A00389895 /* Base */ = {isa = PBXFileReference; lastKnownFileType = file.storyboard; name = Base; path = Base.lproj/Main.storyboard; sourceTree = "<group>"; };
		18B3AE3B1D1B0F8A00389895 /* Assets.xcassets */ = {isa = PBXFileReference; lastKnownFileType = folder.assetcatalog; path = Assets.xcassets; sourceTree = "<group>"; };
		18B3AE3E1D1B0F8A00389895 /* Base */ = {isa = PBXFileReference; lastKnownFileType = file.storyboard; name = Base; path = Base.lproj/LaunchScreen.storyboard; sourceTree = "<group>"; };
		18B3AE511D1B11E700389895 /* RestaurantApp-Bridging-Header.h */ = {isa = PBXFileReference; lastKnownFileType = sourcecode.c.h; name = "RestaurantApp-Bridging-Header.h"; path = "../RestaurantApp-Bridging-Header.h"; sourceTree = "<group>"; };
		18B3AE521D1B122D00389895 /* Info.plist */ = {isa = PBXFileReference; fileEncoding = 4; lastKnownFileType = text.plist.xml; name = Info.plist; path = Resources/Info.plist; sourceTree = "<group>"; };
		18B3AE541D1B12A900389895 /* RestApiManager.swift */ = {isa = PBXFileReference; fileEncoding = 4; lastKnownFileType = sourcecode.swift; name = RestApiManager.swift; path = Utilities/RestApiManager.swift; sourceTree = "<group>"; };
		18B3AE551D1B12A900389895 /* SwiftyJSON.swift */ = {isa = PBXFileReference; fileEncoding = 4; lastKnownFileType = sourcecode.swift; name = SwiftyJSON.swift; path = Utilities/SwiftyJSON.swift; sourceTree = "<group>"; };
		18B3AE581D1B12D900389895 /* StartViewController.swift */ = {isa = PBXFileReference; fileEncoding = 4; lastKnownFileType = sourcecode.swift; name = StartViewController.swift; path = Controllers/StartViewController.swift; sourceTree = "<group>"; };
		18B3AE5B1D1B139200389895 /* RestaurantApp.xcdatamodel */ = {isa = PBXFileReference; lastKnownFileType = wrapper.xcdatamodel; path = RestaurantApp.xcdatamodel; sourceTree = "<group>"; };
		18B3AE5F1D1B148B00389895 /* ar */ = {isa = PBXFileReference; lastKnownFileType = text.plist.strings; name = ar; path = ar.lproj/LaunchScreen.strings; sourceTree = "<group>"; };
		18B3AE731D1B36FB00389895 /* dropDownMenuCell.swift */ = {isa = PBXFileReference; fileEncoding = 4; lastKnownFileType = sourcecode.swift; name = dropDownMenuCell.swift; path = Components/dropDownMenuCell.swift; sourceTree = "<group>"; };
		18B3AE751D1B3F8000389895 /* FoodTypesViewController.swift */ = {isa = PBXFileReference; fileEncoding = 4; lastKnownFileType = sourcecode.swift; name = FoodTypesViewController.swift; path = Controllers/FoodTypesViewController.swift; sourceTree = "<group>"; };
		18D75FC11D208BF7004A2013 /* iCarousel.h */ = {isa = PBXFileReference; fileEncoding = 4; lastKnownFileType = sourcecode.c.h; name = iCarousel.h; path = Components/iCarousel/iCarousel.h; sourceTree = "<group>"; };
		18D75FC21D208BF7004A2013 /* iCarousel.m */ = {isa = PBXFileReference; fileEncoding = 4; lastKnownFileType = sourcecode.c.objc; name = iCarousel.m; path = Components/iCarousel/iCarousel.m; sourceTree = "<group>"; };
		18D75FC51D208EA9004A2013 /* FoodDetailsView.swift */ = {isa = PBXFileReference; fileEncoding = 4; lastKnownFileType = sourcecode.swift; path = FoodDetailsView.swift; sourceTree = "<group>"; };
		18D75FC71D208EC6004A2013 /* FoodDetailsView.xib */ = {isa = PBXFileReference; fileEncoding = 4; lastKnownFileType = file.xib; path = FoodDetailsView.xib; sourceTree = "<group>"; };
		C64D0CD9ED7423AED75345F3 /* Pods-RestaurantApp.release.xcconfig */ = {isa = PBXFileReference; includeInIndex = 1; lastKnownFileType = text.xcconfig; name = "Pods-RestaurantApp.release.xcconfig"; path = "Pods/Target Support Files/Pods-RestaurantApp/Pods-RestaurantApp.release.xcconfig"; sourceTree = "<group>"; };
		E989D42DD0200764532F27C1 /* Pods-RestaurantApp.debug.xcconfig */ = {isa = PBXFileReference; includeInIndex = 1; lastKnownFileType = text.xcconfig; name = "Pods-RestaurantApp.debug.xcconfig"; path = "Pods/Target Support Files/Pods-RestaurantApp/Pods-RestaurantApp.debug.xcconfig"; sourceTree = "<group>"; };
		F1E72EAD3F0C137FC1E71068 /* Pods_RestaurantApp.framework */ = {isa = PBXFileReference; explicitFileType = wrapper.framework; includeInIndex = 0; path = Pods_RestaurantApp.framework; sourceTree = BUILT_PRODUCTS_DIR; };
		F71865921D7F4537003BF4A3 /* FoodTypeDMViewController.swift */ = {isa = PBXFileReference; fileEncoding = 4; lastKnownFileType = sourcecode.swift; path = FoodTypeDMViewController.swift; sourceTree = "<group>"; };
		F71B1C741D836A1200340EB0 /* DMFoodCell.swift */ = {isa = PBXFileReference; fileEncoding = 4; lastKnownFileType = sourcecode.swift; path = DMFoodCell.swift; sourceTree = "<group>"; };
		F71B1C761D83ED3700340EB0 /* addOrEditFoodViewController.swift */ = {isa = PBXFileReference; fileEncoding = 4; lastKnownFileType = sourcecode.swift; path = addOrEditFoodViewController.swift; sourceTree = "<group>"; };
		F71D49241D8A7AF400F9E877 /* StatisticsService.swift */ = {isa = PBXFileReference; fileEncoding = 4; lastKnownFileType = sourcecode.swift; path = StatisticsService.swift; sourceTree = "<group>"; };
		F71D49261D8A7B6200F9E877 /* StatisticsItem.swift */ = {isa = PBXFileReference; fileEncoding = 4; lastKnownFileType = sourcecode.swift; path = StatisticsItem.swift; sourceTree = "<group>"; };
		F71D49281D8A808F00F9E877 /* ChartViewController.swift */ = {isa = PBXFileReference; fileEncoding = 4; lastKnownFileType = sourcecode.swift; path = ChartViewController.swift; sourceTree = "<group>"; };
		F71D492A1D8A809F00F9E877 /* DataViewController.swift */ = {isa = PBXFileReference; fileEncoding = 4; lastKnownFileType = sourcecode.swift; path = DataViewController.swift; sourceTree = "<group>"; };
		F7875A671D8F5105004B1B7F /* DataStatisticsCell.swift */ = {isa = PBXFileReference; fileEncoding = 4; lastKnownFileType = sourcecode.swift; path = DataStatisticsCell.swift; sourceTree = "<group>"; };
		F789450B1D95621500E58B0D /* PNBar.swift */ = {isa = PBXFileReference; fileEncoding = 4; lastKnownFileType = sourcecode.swift; name = PNBar.swift; path = ChartLib/PNBarChart/PNBar.swift; sourceTree = "<group>"; };
		F789450C1D95621500E58B0D /* PNBarChart.swift */ = {isa = PBXFileReference; fileEncoding = 4; lastKnownFileType = sourcecode.swift; name = PNBarChart.swift; path = ChartLib/PNBarChart/PNBarChart.swift; sourceTree = "<group>"; };
		F789450F1D95622500E58B0D /* PNChartConfig.swift */ = {isa = PBXFileReference; fileEncoding = 4; lastKnownFileType = sourcecode.swift; name = PNChartConfig.swift; path = ChartLib/PNChartConfig.swift; sourceTree = "<group>"; };
		F78945101D95622500E58B0D /* PNChartDelegate.swift */ = {isa = PBXFileReference; fileEncoding = 4; lastKnownFileType = sourcecode.swift; name = PNChartDelegate.swift; path = ChartLib/PNChartDelegate.swift; sourceTree = "<group>"; };
		F78945111D95622500E58B0D /* PNChartSwift.h */ = {isa = PBXFileReference; fileEncoding = 4; lastKnownFileType = sourcecode.c.h; name = PNChartSwift.h; path = ChartLib/PNChartSwift.h; sourceTree = "<group>"; };
		F78945121D95622500E58B0D /* PNValue.swift */ = {isa = PBXFileReference; fileEncoding = 4; lastKnownFileType = sourcecode.swift; name = PNValue.swift; path = ChartLib/PNValue.swift; sourceTree = "<group>"; };
		F78945161D95623200E58B0D /* PNChartLabel.swift */ = {isa = PBXFileReference; fileEncoding = 4; lastKnownFileType = sourcecode.swift; name = PNChartLabel.swift; path = ChartLib/PNLineChart/PNChartLabel.swift; sourceTree = "<group>"; };
		F78945171D95623200E58B0D /* PNLineChart.swift */ = {isa = PBXFileReference; fileEncoding = 4; lastKnownFileType = sourcecode.swift; name = PNLineChart.swift; path = ChartLib/PNLineChart/PNLineChart.swift; sourceTree = "<group>"; };
		F78945181D95623200E58B0D /* PNLineChartData.swift */ = {isa = PBXFileReference; fileEncoding = 4; lastKnownFileType = sourcecode.swift; name = PNLineChartData.swift; path = ChartLib/PNLineChart/PNLineChartData.swift; sourceTree = "<group>"; };
		F794DA361D81A025009FA0CA /* AddOrEditFoodTypeViewController.swift */ = {isa = PBXFileReference; fileEncoding = 4; lastKnownFileType = sourcecode.swift; path = AddOrEditFoodTypeViewController.swift; sourceTree = "<group>"; };
		F794DA381D81A0DB009FA0CA /* NavigationControllerHelper.swift */ = {isa = PBXFileReference; fileEncoding = 4; lastKnownFileType = sourcecode.swift; path = NavigationControllerHelper.swift; sourceTree = "<group>"; };
		F794DA3A1D81BA9F009FA0CA /* UIViewControllerExtention.swift */ = {isa = PBXFileReference; fileEncoding = 4; lastKnownFileType = sourcecode.swift; path = UIViewControllerExtention.swift; sourceTree = "<group>"; };
		F794DA3C1D81DE24009FA0CA /* FoodDMViewController.swift */ = {isa = PBXFileReference; fileEncoding = 4; lastKnownFileType = sourcecode.swift; path = FoodDMViewController.swift; sourceTree = "<group>"; };
		F7980AFD1D8989C2002AF51A /* StatisticsViewController.swift */ = {isa = PBXFileReference; fileEncoding = 4; lastKnownFileType = sourcecode.swift; path = StatisticsViewController.swift; sourceTree = "<group>"; };
		F7980B001D89A052002AF51A /* NormalCell.swift */ = {isa = PBXFileReference; fileEncoding = 4; lastKnownFileType = sourcecode.swift; path = NormalCell.swift; sourceTree = "<group>"; };
		F79906151D904D53009DCC06 /* en */ = {isa = PBXFileReference; lastKnownFileType = text.plist.strings; name = en; path = en.lproj/Admin.strings; sourceTree = "<group>"; };
		F79906171D905029009DCC06 /* ar */ = {isa = PBXFileReference; lastKnownFileType = text.plist.strings; name = ar; path = ar.lproj/Admin.strings; sourceTree = "<group>"; };
		F79906191D90535A009DCC06 /* tr */ = {isa = PBXFileReference; lastKnownFileType = text.plist.strings; name = tr; path = tr.lproj/Admin.strings; sourceTree = "<group>"; };
		F79F9CF41D625C4E00909BAA /* VLADIMIR.TTF */ = {isa = PBXFileReference; lastKnownFileType = file; path = VLADIMIR.TTF; sourceTree = "<group>"; };
		F7D1B1EF1D7E121A00BA0AD3 /* DMFoodTypeCell.swift */ = {isa = PBXFileReference; fileEncoding = 4; lastKnownFileType = sourcecode.swift; path = DMFoodTypeCell.swift; sourceTree = "<group>"; };
		F7E0CA631D842F1300E625B7 /* StringExtention.swift */ = {isa = PBXFileReference; fileEncoding = 4; lastKnownFileType = sourcecode.swift; path = StringExtention.swift; sourceTree = "<group>"; };
		F7E0CA671D85545D00E625B7 /* TableNumbersViewController.swift */ = {isa = PBXFileReference; fileEncoding = 4; lastKnownFileType = sourcecode.swift; path = TableNumbersViewController.swift; sourceTree = "<group>"; };
		F7E0CA6A1D855F1300E625B7 /* TableNumberCell.swift */ = {isa = PBXFileReference; fileEncoding = 4; lastKnownFileType = sourcecode.swift; path = TableNumberCell.swift; sourceTree = "<group>"; };
		F7E0CA6C1D85683500E625B7 /* TableNumber.swift */ = {isa = PBXFileReference; fileEncoding = 4; lastKnownFileType = sourcecode.swift; path = TableNumber.swift; sourceTree = "<group>"; };
/* End PBXFileReference section */

/* Begin PBXFrameworksBuildPhase section */
		18B3AE2B1D1B0F8900389895 /* Frameworks */ = {
			isa = PBXFrameworksBuildPhase;
			buildActionMask = 2147483647;
			files = (
				BFB884AD8F8278D6D8D8C0B3 /* Pods_RestaurantApp.framework in Frameworks */,
			);
			runOnlyForDeploymentPostprocessing = 0;
		};
/* End PBXFrameworksBuildPhase section */

/* Begin PBXGroup section */
		180D1A3D1D25B98100431466 /* NotificationCell */ = {
			isa = PBXGroup;
			children = (
				180D1A3E1D25B99900431466 /* NotificationCell.swift */,
			);
			name = NotificationCell;
			sourceTree = "<group>";
		};
		180D1A421D25C2F300431466 /* OrderCell */ = {
			isa = PBXGroup;
			children = (
				180D1A431D25C30F00431466 /* OrderCell.swift */,
			);
			name = OrderCell;
			sourceTree = "<group>";
		};
		184C946E1D1C6B38004A165E /* FoodCell */ = {
			isa = PBXGroup;
			children = (
				184C946F1D1C6B60004A165E /* FoodCollectionViewCell.swift */,
			);
			name = FoodCell;
			sourceTree = "<group>";
		};
		185BCF8A1D26B0980000D51D /* Model */ = {
			isa = PBXGroup;
			children = (
				18AEBE7C1D31A11C002CA275 /* ImageData.swift */,
				185BCF8D1D26B3490000D51D /* FoodType.swift */,
				189FE8BC1D26EC7800479632 /* Food.swift */,
				18AEBE721D315C6C002CA275 /* Order.swift */,
				18AEBE7E1D31A1AA002CA275 /* GenericDomain.swift */,
				18AEBE731D315C6C002CA275 /* OrderItem.swift */,
				18880CED1D270FF900ABF378 /* Cart.swift */,
				F7E0CA6C1D85683500E625B7 /* TableNumber.swift */,
				F71D49261D8A7B6200F9E877 /* StatisticsItem.swift */,
			);
			name = Model;
			sourceTree = "<group>";
		};
		185EF3A41D1F201C009AFFAB /* Fonts */ = {
			isa = PBXGroup;
			children = (
				1858F8461D205F80002FE25A /* vrinda.ttf */,
				F79F9CF41D625C4E00909BAA /* VLADIMIR.TTF */,
			);
			name = Fonts;
			sourceTree = "<group>";
		};
		187359701D2543B900053227 /* CartCell */ = {
			isa = PBXGroup;
			children = (
				187359711D2543CF00053227 /* CartCell.swift */,
			);
			name = CartCell;
			sourceTree = "<group>";
		};
		189FE8B71D26E0BB00479632 /* loading */ = {
			isa = PBXGroup;
			children = (
				189FE8B81D26E0CF00479632 /* EZLoadingActivity.swift */,
			);
			name = loading;
			sourceTree = "<group>";
		};
		18B3AE251D1B0F8900389895 = {
			isa = PBXGroup;
			children = (
				18B3AE301D1B0F8900389895 /* RestaurantApp */,
				18B3AE2F1D1B0F8900389895 /* Products */,
				A1A34C67C06A3D61EC484CB1 /* Pods */,
				BD399FE1E08C2A1E34848F15 /* Frameworks */,
			);
			sourceTree = "<group>";
		};
		18B3AE2F1D1B0F8900389895 /* Products */ = {
			isa = PBXGroup;
			children = (
				18B3AE2E1D1B0F8900389895 /* RestaurantApp.app */,
			);
			name = Products;
			sourceTree = "<group>";
		};
		18B3AE301D1B0F8900389895 /* RestaurantApp */ = {
			isa = PBXGroup;
			children = (
				185BCF8A1D26B0980000D51D /* Model */,
				18B3AE461D1B0FBA00389895 /* Service */,
				18B3AE471D1B0FFC00389895 /* Controllers */,
				18B3AE481D1B100D00389895 /* Utilities */,
				18B3AE491D1B101700389895 /* Extention */,
				18B3AE4A1D1B102100389895 /* Components */,
				18B3AE4B1D1B102900389895 /* Libraries */,
				18B3AE4C1D1B103200389895 /* Resources */,
				18B3AE311D1B0F8900389895 /* AppDelegate.swift */,
				18B3AE351D1B0F8A00389895 /* Main.storyboard */,
				18B3AE6D1D1B154000389895 /* Admin.storyboard */,
				18B3AE3B1D1B0F8A00389895 /* Assets.xcassets */,
				18B3AE3D1D1B0F8A00389895 /* LaunchScreen.storyboard */,
			);
			path = RestaurantApp;
			sourceTree = "<group>";
		};
		18B3AE461D1B0FBA00389895 /* Service */ = {
			isa = PBXGroup;
			children = (
				18AEBE801D31A2D0002CA275 /* DaoUtil.swift */,
				18AEBE811D31A2D0002CA275 /* GenericDao.swift */,
				185BCF8B1D26B1110000D51D /* FoodTypesService.swift */,
				188BC5FD1D26DC4F00304873 /* TableNumberService.swift */,
				189FE8BA1D26EC4600479632 /* FoodService.swift */,
				181522611D286B450003A032 /* OrderService.swift */,
				18AEBE761D315C8D002CA275 /* NotificationService.swift */,
				18AEBE841D31A2F5002CA275 /* ImageDataDao.swift */,
				18AEBE861D31A3D0002CA275 /* ImageDataService.swift */,
				F71D49241D8A7AF400F9E877 /* StatisticsService.swift */,
			);
			name = Service;
			sourceTree = "<group>";
		};
		18B3AE471D1B0FFC00389895 /* Controllers */ = {
			isa = PBXGroup;
			children = (
				18B3AE751D1B3F8000389895 /* FoodTypesViewController.swift */,
				18B3AE581D1B12D900389895 /* StartViewController.swift */,
				18074B331D207FDA0090098A /* CartViewController.swift */,
				18074B311D207C060090098A /* FoodDetailsViewController.swift */,
				180D1A371D25A76F00431466 /* AdminStartViewController.swift */,
				180D1A3B1D25B07600431466 /* NotificationViewController.swift */,
				180D1A401D25BFD500431466 /* OrderViewController.swift */,
				F71865921D7F4537003BF4A3 /* FoodTypeDMViewController.swift */,
				F794DA361D81A025009FA0CA /* AddOrEditFoodTypeViewController.swift */,
				F794DA3C1D81DE24009FA0CA /* FoodDMViewController.swift */,
				F71B1C761D83ED3700340EB0 /* addOrEditFoodViewController.swift */,
				F7E0CA671D85545D00E625B7 /* TableNumbersViewController.swift */,
				F7980AFD1D8989C2002AF51A /* StatisticsViewController.swift */,
				F71D49281D8A808F00F9E877 /* ChartViewController.swift */,
				F71D492A1D8A809F00F9E877 /* DataViewController.swift */,
			);
			name = Controllers;
			sourceTree = "<group>";
		};
		18B3AE481D1B100D00389895 /* Utilities */ = {
			isa = PBXGroup;
			children = (
				18B3AE541D1B12A900389895 /* RestApiManager.swift */,
				18B3AE551D1B12A900389895 /* SwiftyJSON.swift */,
				F794DA381D81A0DB009FA0CA /* NavigationControllerHelper.swift */,
			);
			name = Utilities;
			sourceTree = "<group>";
		};
		18B3AE491D1B101700389895 /* Extention */ = {
			isa = PBXGroup;
			children = (
				1861EDF71D28601D00E136F0 /* UIViewToast.swift */,
				185EF3A71D1F2116009AFFAB /* ButtonLabel.swift */,
				185EF3A81D1F2116009AFFAB /* Labell.swift */,
				185BCF8F1D26CCCF0000D51D /* ImageView.swift */,
				18AEBE781D315CC1002CA275 /* Date.swift */,
				F794DA3A1D81BA9F009FA0CA /* UIViewControllerExtention.swift */,
				F7E0CA631D842F1300E625B7 /* StringExtention.swift */,
			);
			name = Extention;
			sourceTree = "<group>";
		};
		18B3AE4A1D1B102100389895 /* Components */ = {
			isa = PBXGroup;
			children = (
				F7875A661D8F50DD004B1B7F /* Statistics Cell */,
				F7980AFF1D89A043002AF51A /* NormalCell */,
				F7E0CA691D855EFF00E625B7 /* TableNumberCell */,
				F7D1B1EE1D7E11E800BA0AD3 /* DataManagmentCells */,
				189FE8B71D26E0BB00479632 /* loading */,
				180D1A421D25C2F300431466 /* OrderCell */,
				180D1A3D1D25B98100431466 /* NotificationCell */,
				187359701D2543B900053227 /* CartCell */,
				18D75FC41D208E90004A2013 /* FoodDetailsCell */,
				18D75FC01D208BEC004A2013 /* iCarousel */,
				184C946E1D1C6B38004A165E /* FoodCell */,
				18B3AE721D1B36BE00389895 /* dropDownMenuCell */,
			);
			name = Components;
			sourceTree = "<group>";
		};
		18B3AE4B1D1B102900389895 /* Libraries */ = {
			isa = PBXGroup;
			children = (
				F78944F71D955A4800E58B0D /* ChartLib */,
			);
			name = Libraries;
			sourceTree = "<group>";
		};
		18B3AE4C1D1B103200389895 /* Resources */ = {
			isa = PBXGroup;
			children = (
				185EF3A41D1F201C009AFFAB /* Fonts */,
				18B3AE5A1D1B139200389895 /* RestaurantApp.xcdatamodeld */,
				18B3AE521D1B122D00389895 /* Info.plist */,
				18B3AE511D1B11E700389895 /* RestaurantApp-Bridging-Header.h */,
				180D1A321D25A1FC00431466 /* Localizable.strings */,
			);
			name = Resources;
			sourceTree = "<group>";
		};
		18B3AE721D1B36BE00389895 /* dropDownMenuCell */ = {
			isa = PBXGroup;
			children = (
				18B3AE731D1B36FB00389895 /* dropDownMenuCell.swift */,
			);
			name = dropDownMenuCell;
			sourceTree = "<group>";
		};
		18D75FC01D208BEC004A2013 /* iCarousel */ = {
			isa = PBXGroup;
			children = (
				18D75FC11D208BF7004A2013 /* iCarousel.h */,
				18D75FC21D208BF7004A2013 /* iCarousel.m */,
			);
			name = iCarousel;
			sourceTree = "<group>";
		};
		18D75FC41D208E90004A2013 /* FoodDetailsCell */ = {
			isa = PBXGroup;
			children = (
				18D75FC51D208EA9004A2013 /* FoodDetailsView.swift */,
				18D75FC71D208EC6004A2013 /* FoodDetailsView.xib */,
			);
			name = FoodDetailsCell;
			sourceTree = "<group>";
		};
		A1A34C67C06A3D61EC484CB1 /* Pods */ = {
			isa = PBXGroup;
			children = (
				E989D42DD0200764532F27C1 /* Pods-RestaurantApp.debug.xcconfig */,
				C64D0CD9ED7423AED75345F3 /* Pods-RestaurantApp.release.xcconfig */,
			);
			name = Pods;
			sourceTree = "<group>";
		};
		BD399FE1E08C2A1E34848F15 /* Frameworks */ = {
			isa = PBXGroup;
			children = (
				F1E72EAD3F0C137FC1E71068 /* Pods_RestaurantApp.framework */,
			);
			name = Frameworks;
			sourceTree = "<group>";
		};
		F7875A661D8F50DD004B1B7F /* Statistics Cell */ = {
			isa = PBXGroup;
			children = (
				F7875A671D8F5105004B1B7F /* DataStatisticsCell.swift */,
			);
			name = "Statistics Cell";
			sourceTree = "<group>";
		};
		F78944F71D955A4800E58B0D /* ChartLib */ = {
			isa = PBXGroup;
			children = (
				F789450F1D95622500E58B0D /* PNChartConfig.swift */,
				F78945101D95622500E58B0D /* PNChartDelegate.swift */,
				F78945111D95622500E58B0D /* PNChartSwift.h */,
				F78945121D95622500E58B0D /* PNValue.swift */,
				F78945001D955A7500E58B0D /* PNBarChart */,
				F78944FF1D955A6100E58B0D /* PNLineChart */,
			);
			name = ChartLib;
			sourceTree = "<group>";
		};
		F78944FF1D955A6100E58B0D /* PNLineChart */ = {
			isa = PBXGroup;
			children = (
				F78945161D95623200E58B0D /* PNChartLabel.swift */,
				F78945171D95623200E58B0D /* PNLineChart.swift */,
				F78945181D95623200E58B0D /* PNLineChartData.swift */,
			);
			name = PNLineChart;
			sourceTree = "<group>";
		};
		F78945001D955A7500E58B0D /* PNBarChart */ = {
			isa = PBXGroup;
			children = (
				F789450B1D95621500E58B0D /* PNBar.swift */,
				F789450C1D95621500E58B0D /* PNBarChart.swift */,
			);
			name = PNBarChart;
			sourceTree = "<group>";
		};
		F7980AFF1D89A043002AF51A /* NormalCell */ = {
			isa = PBXGroup;
			children = (
				F7980B001D89A052002AF51A /* NormalCell.swift */,
			);
			name = NormalCell;
			sourceTree = "<group>";
		};
		F7D1B1EE1D7E11E800BA0AD3 /* DataManagmentCells */ = {
			isa = PBXGroup;
			children = (
				F7D1B1EF1D7E121A00BA0AD3 /* DMFoodTypeCell.swift */,
				F71B1C741D836A1200340EB0 /* DMFoodCell.swift */,
			);
			name = DataManagmentCells;
			sourceTree = "<group>";
		};
		F7E0CA691D855EFF00E625B7 /* TableNumberCell */ = {
			isa = PBXGroup;
			children = (
				F7E0CA6A1D855F1300E625B7 /* TableNumberCell.swift */,
			);
			name = TableNumberCell;
			sourceTree = "<group>";
		};
/* End PBXGroup section */

/* Begin PBXNativeTarget section */
		18B3AE2D1D1B0F8900389895 /* RestaurantApp */ = {
			isa = PBXNativeTarget;
			buildConfigurationList = 18B3AE431D1B0F8A00389895 /* Build configuration list for PBXNativeTarget "RestaurantApp" */;
			buildPhases = (
				52B18FF69568FB30E56E6CBB /* [CP] Check Pods Manifest.lock */,
				18B3AE2A1D1B0F8900389895 /* Sources */,
				18B3AE2B1D1B0F8900389895 /* Frameworks */,
				18B3AE2C1D1B0F8900389895 /* Resources */,
				34128EC40431E8EE33E9A89E /* [CP] Embed Pods Frameworks */,
				00F4218C6C191FD6262B8526 /* [CP] Copy Pods Resources */,
			);
			buildRules = (
			);
			dependencies = (
			);
			name = RestaurantApp;
			productName = RestaurantApp;
			productReference = 18B3AE2E1D1B0F8900389895 /* RestaurantApp.app */;
			productType = "com.apple.product-type.application";
		};
/* End PBXNativeTarget section */

/* Begin PBXProject section */
		18B3AE261D1B0F8900389895 /* Project object */ = {
			isa = PBXProject;
			attributes = {
				LastSwiftUpdateCheck = 0730;
				LastUpgradeCheck = 0730;
				ORGANIZATIONNAME = SSS;
				TargetAttributes = {
					18B3AE2D1D1B0F8900389895 = {
						CreatedOnToolsVersion = 7.3;
						DevelopmentTeam = 825H48GV9C;
						LastSwiftMigration = 0800;
					};
				};
			};
			buildConfigurationList = 18B3AE291D1B0F8900389895 /* Build configuration list for PBXProject "RestaurantApp" */;
			compatibilityVersion = "Xcode 3.2";
			developmentRegion = English;
			hasScannedForEncodings = 0;
			knownRegions = (
				en,
				Base,
				tr,
				ar,
			);
			mainGroup = 18B3AE251D1B0F8900389895;
			productRefGroup = 18B3AE2F1D1B0F8900389895 /* Products */;
			projectDirPath = "";
			projectRoot = "";
			targets = (
				18B3AE2D1D1B0F8900389895 /* RestaurantApp */,
			);
		};
/* End PBXProject section */

/* Begin PBXResourcesBuildPhase section */
		18B3AE2C1D1B0F8900389895 /* Resources */ = {
			isa = PBXResourcesBuildPhase;
			buildActionMask = 2147483647;
			files = (
				F79F9CF51D625DF300909BAA /* VLADIMIR.TTF in Resources */,
				1858F8471D205FA8002FE25A /* vrinda.ttf in Resources */,
				18D75FC81D208EC6004A2013 /* FoodDetailsView.xib in Resources */,
				18B3AE531D1B122D00389895 /* Info.plist in Resources */,
				180D1A301D25A1FC00431466 /* Localizable.strings in Resources */,
				18B3AE3F1D1B0F8A00389895 /* LaunchScreen.storyboard in Resources */,
				18B3AE3C1D1B0F8A00389895 /* Assets.xcassets in Resources */,
				18B3AE6B1D1B154000389895 /* Admin.storyboard in Resources */,
				18B3AE371D1B0F8A00389895 /* Main.storyboard in Resources */,
			);
			runOnlyForDeploymentPostprocessing = 0;
		};
/* End PBXResourcesBuildPhase section */

/* Begin PBXShellScriptBuildPhase section */
		00F4218C6C191FD6262B8526 /* [CP] Copy Pods Resources */ = {
			isa = PBXShellScriptBuildPhase;
			buildActionMask = 2147483647;
			files = (
			);
			inputPaths = (
			);
			name = "[CP] Copy Pods Resources";
			outputPaths = (
			);
			runOnlyForDeploymentPostprocessing = 0;
			shellPath = /bin/sh;
			shellScript = "\"${SRCROOT}/Pods/Target Support Files/Pods-RestaurantApp/Pods-RestaurantApp-resources.sh\"\n";
			showEnvVarsInLog = 0;
		};
		34128EC40431E8EE33E9A89E /* [CP] Embed Pods Frameworks */ = {
			isa = PBXShellScriptBuildPhase;
			buildActionMask = 2147483647;
			files = (
			);
			inputPaths = (
			);
			name = "[CP] Embed Pods Frameworks";
			outputPaths = (
			);
			runOnlyForDeploymentPostprocessing = 0;
			shellPath = /bin/sh;
			shellScript = "\"${SRCROOT}/Pods/Target Support Files/Pods-RestaurantApp/Pods-RestaurantApp-frameworks.sh\"\n";
			showEnvVarsInLog = 0;
		};
		52B18FF69568FB30E56E6CBB /* [CP] Check Pods Manifest.lock */ = {
			isa = PBXShellScriptBuildPhase;
			buildActionMask = 2147483647;
			files = (
			);
			inputPaths = (
			);
			name = "[CP] Check Pods Manifest.lock";
			outputPaths = (
			);
			runOnlyForDeploymentPostprocessing = 0;
			shellPath = /bin/sh;
			shellScript = "diff \"${PODS_ROOT}/../Podfile.lock\" \"${PODS_ROOT}/Manifest.lock\" > /dev/null\nif [[ $? != 0 ]] ; then\n    cat << EOM\nerror: The sandbox is not in sync with the Podfile.lock. Run 'pod install' or update your CocoaPods installation.\nEOM\n    exit 1\nfi\n";
			showEnvVarsInLog = 0;
		};
/* End PBXShellScriptBuildPhase section */

/* Begin PBXSourcesBuildPhase section */
		18B3AE2A1D1B0F8900389895 /* Sources */ = {
			isa = PBXSourcesBuildPhase;
			buildActionMask = 2147483647;
			files = (
				F7980AFE1D8989C2002AF51A /* StatisticsViewController.swift in Sources */,
				185EF3A91D1F2116009AFFAB /* ButtonLabel.swift in Sources */,
				18AEBE771D315C8D002CA275 /* NotificationService.swift in Sources */,
				F78945151D95622500E58B0D /* PNValue.swift in Sources */,
				F789450E1D95621500E58B0D /* PNBarChart.swift in Sources */,
				F78945131D95622500E58B0D /* PNChartConfig.swift in Sources */,
				F7E0CA641D842F1300E625B7 /* StringExtention.swift in Sources */,
				18AEBE821D31A2D0002CA275 /* DaoUtil.swift in Sources */,
				F71D49291D8A808F00F9E877 /* ChartViewController.swift in Sources */,
				F7E0CA6B1D855F1300E625B7 /* TableNumberCell.swift in Sources */,
				187359721D2543CF00053227 /* CartCell.swift in Sources */,
				18AEBE7F1D31A1AA002CA275 /* GenericDomain.swift in Sources */,
				189FE8BB1D26EC4600479632 /* FoodService.swift in Sources */,
				18880CEE1D270FF900ABF378 /* Cart.swift in Sources */,
				F71B1C751D836A1200340EB0 /* DMFoodCell.swift in Sources */,
				F71D492B1D8A809F00F9E877 /* DataViewController.swift in Sources */,
				189FE8B91D26E0CF00479632 /* EZLoadingActivity.swift in Sources */,
				180D1A441D25C30F00431466 /* OrderCell.swift in Sources */,
				F71865931D7F4537003BF4A3 /* FoodTypeDMViewController.swift in Sources */,
				185EF3AA1D1F2116009AFFAB /* Labell.swift in Sources */,
				18B3AE591D1B12D900389895 /* StartViewController.swift in Sources */,
				18074B321D207C060090098A /* FoodDetailsViewController.swift in Sources */,
				18AEBE741D315C6D002CA275 /* Order.swift in Sources */,
				F7E0CA6D1D85683500E625B7 /* TableNumber.swift in Sources */,
				1861EDF81D28601D00E136F0 /* UIViewToast.swift in Sources */,
				18074B341D207FDA0090098A /* CartViewController.swift in Sources */,
				F7D1B1F01D7E121A00BA0AD3 /* DMFoodTypeCell.swift in Sources */,
				F78945191D95623200E58B0D /* PNChartLabel.swift in Sources */,
				18AEBE7D1D31A11C002CA275 /* ImageData.swift in Sources */,
				18D75FC31D208BF7004A2013 /* iCarousel.m in Sources */,
				F789451A1D95623200E58B0D /* PNLineChart.swift in Sources */,
				18B3AE761D1B3F8000389895 /* FoodTypesViewController.swift in Sources */,
				185BCF8E1D26B3490000D51D /* FoodType.swift in Sources */,
				18B3AE741D1B36FB00389895 /* dropDownMenuCell.swift in Sources */,
				18AEBE831D31A2D0002CA275 /* GenericDao.swift in Sources */,
				18B3AE321D1B0F8A00389895 /* AppDelegate.swift in Sources */,
				F71B1C771D83ED3700340EB0 /* addOrEditFoodViewController.swift in Sources */,
				185BCF901D26CCCF0000D51D /* ImageView.swift in Sources */,
				F789450D1D95621500E58B0D /* PNBar.swift in Sources */,
				180D1A411D25BFD500431466 /* OrderViewController.swift in Sources */,
				F794DA3B1D81BAA0009FA0CA /* UIViewControllerExtention.swift in Sources */,
				180D1A3F1D25B99900431466 /* NotificationCell.swift in Sources */,
				18B3AE561D1B12A900389895 /* RestApiManager.swift in Sources */,
				F794DA3D1D81DE24009FA0CA /* FoodDMViewController.swift in Sources */,
				18AEBE751D315C6D002CA275 /* OrderItem.swift in Sources */,
				F789451B1D95623200E58B0D /* PNLineChartData.swift in Sources */,
				18AEBE791D315CC1002CA275 /* Date.swift in Sources */,
				18B3AE571D1B12A900389895 /* SwiftyJSON.swift in Sources */,
				F7E0CA681D85545D00E625B7 /* TableNumbersViewController.swift in Sources */,
				180D1A3C1D25B07600431466 /* NotificationViewController.swift in Sources */,
				F71D49271D8A7B6200F9E877 /* StatisticsItem.swift in Sources */,
				F7875A681D8F5105004B1B7F /* DataStatisticsCell.swift in Sources */,
				185BCF8C1D26B1110000D51D /* FoodTypesService.swift in Sources */,
				18AEBE871D31A3D0002CA275 /* ImageDataService.swift in Sources */,
				F7980B011D89A052002AF51A /* NormalCell.swift in Sources */,
				18AEBE851D31A2F5002CA275 /* ImageDataDao.swift in Sources */,
				184C94701D1C6B60004A165E /* FoodCollectionViewCell.swift in Sources */,
				18B3AE5C1D1B139200389895 /* RestaurantApp.xcdatamodeld in Sources */,
				189FE8BD1D26EC7800479632 /* Food.swift in Sources */,
				F78945141D95622500E58B0D /* PNChartDelegate.swift in Sources */,
				F71D49251D8A7AF400F9E877 /* StatisticsService.swift in Sources */,
				F794DA391D81A0DB009FA0CA /* NavigationControllerHelper.swift in Sources */,
				181522621D286B450003A032 /* OrderService.swift in Sources */,
				F794DA371D81A025009FA0CA /* AddOrEditFoodTypeViewController.swift in Sources */,
				18D75FC61D208EA9004A2013 /* FoodDetailsView.swift in Sources */,
				188BC5FE1D26DC4F00304873 /* TableNumberService.swift in Sources */,
				180D1A381D25A76F00431466 /* AdminStartViewController.swift in Sources */,
			);
			runOnlyForDeploymentPostprocessing = 0;
		};
/* End PBXSourcesBuildPhase section */

/* Begin PBXVariantGroup section */
		180D1A321D25A1FC00431466 /* Localizable.strings */ = {
			isa = PBXVariantGroup;
			children = (
				180D1A311D25A1FC00431466 /* en */,
				180D1A331D25A1FF00431466 /* tr */,
				180D1A341D25A20100431466 /* ar */,
			);
			name = Localizable.strings;
			sourceTree = "<group>";
		};
		18B3AE351D1B0F8A00389895 /* Main.storyboard */ = {
			isa = PBXVariantGroup;
			children = (
				18B3AE361D1B0F8A00389895 /* Base */,
				18AEBE6D1D315969002CA275 /* en */,
				18AEBE6F1D31596D002CA275 /* tr */,
				18AEBE711D31596F002CA275 /* ar */,
			);
			name = Main.storyboard;
			sourceTree = "<group>";
		};
		18B3AE3D1D1B0F8A00389895 /* LaunchScreen.storyboard */ = {
			isa = PBXVariantGroup;
			children = (
				18B3AE3E1D1B0F8A00389895 /* Base */,
				18B3AE5F1D1B148B00389895 /* ar */,
			);
			name = LaunchScreen.storyboard;
			sourceTree = "<group>";
		};
		18B3AE6D1D1B154000389895 /* Admin.storyboard */ = {
			isa = PBXVariantGroup;
			children = (
				18AEBE651D31586B002CA275 /* Base */,
				F79906151D904D53009DCC06 /* en */,
				F79906171D905029009DCC06 /* ar */,
				F79906191D90535A009DCC06 /* tr */,
			);
			name = Admin.storyboard;
			path = ..;
			sourceTree = "<group>";
		};
/* End PBXVariantGroup section */

/* Begin XCBuildConfiguration section */
		18B3AE411D1B0F8A00389895 /* Debug */ = {
			isa = XCBuildConfiguration;
			buildSettings = {
				ALWAYS_SEARCH_USER_PATHS = NO;
				CLANG_ANALYZER_NONNULL = YES;
				CLANG_CXX_LANGUAGE_STANDARD = "gnu++0x";
				CLANG_CXX_LIBRARY = "libc++";
				CLANG_ENABLE_MODULES = YES;
				CLANG_ENABLE_OBJC_ARC = YES;
				CLANG_WARN_BOOL_CONVERSION = YES;
				CLANG_WARN_CONSTANT_CONVERSION = YES;
				CLANG_WARN_DIRECT_OBJC_ISA_USAGE = YES_ERROR;
				CLANG_WARN_EMPTY_BODY = YES;
				CLANG_WARN_ENUM_CONVERSION = YES;
				CLANG_WARN_INT_CONVERSION = YES;
				CLANG_WARN_OBJC_ROOT_CLASS = YES_ERROR;
				CLANG_WARN_UNREACHABLE_CODE = YES;
				CLANG_WARN__DUPLICATE_METHOD_MATCH = YES;
				"CODE_SIGN_IDENTITY[sdk=iphoneos*]" = "iPhone Developer";
				COPY_PHASE_STRIP = NO;
				DEBUG_INFORMATION_FORMAT = dwarf;
				ENABLE_STRICT_OBJC_MSGSEND = YES;
				ENABLE_TESTABILITY = YES;
				GCC_C_LANGUAGE_STANDARD = gnu99;
				GCC_DYNAMIC_NO_PIC = NO;
				GCC_NO_COMMON_BLOCKS = YES;
				GCC_OPTIMIZATION_LEVEL = 0;
				GCC_PREPROCESSOR_DEFINITIONS = (
					"DEBUG=1",
					"$(inherited)",
				);
				GCC_WARN_64_TO_32_BIT_CONVERSION = YES;
				GCC_WARN_ABOUT_RETURN_TYPE = YES_ERROR;
				GCC_WARN_UNDECLARED_SELECTOR = YES;
				GCC_WARN_UNINITIALIZED_AUTOS = YES_AGGRESSIVE;
				GCC_WARN_UNUSED_FUNCTION = YES;
				GCC_WARN_UNUSED_VARIABLE = YES;
				IPHONEOS_DEPLOYMENT_TARGET = 9.3;
				MTL_ENABLE_DEBUG_INFO = YES;
				ONLY_ACTIVE_ARCH = YES;
				SDKROOT = iphoneos;
				SWIFT_OPTIMIZATION_LEVEL = "-Onone";
				TARGETED_DEVICE_FAMILY = "1,2";
			};
			name = Debug;
		};
		18B3AE421D1B0F8A00389895 /* Release */ = {
			isa = XCBuildConfiguration;
			buildSettings = {
				ALWAYS_SEARCH_USER_PATHS = NO;
				CLANG_ANALYZER_NONNULL = YES;
				CLANG_CXX_LANGUAGE_STANDARD = "gnu++0x";
				CLANG_CXX_LIBRARY = "libc++";
				CLANG_ENABLE_MODULES = YES;
				CLANG_ENABLE_OBJC_ARC = YES;
				CLANG_WARN_BOOL_CONVERSION = YES;
				CLANG_WARN_CONSTANT_CONVERSION = YES;
				CLANG_WARN_DIRECT_OBJC_ISA_USAGE = YES_ERROR;
				CLANG_WARN_EMPTY_BODY = YES;
				CLANG_WARN_ENUM_CONVERSION = YES;
				CLANG_WARN_INT_CONVERSION = YES;
				CLANG_WARN_OBJC_ROOT_CLASS = YES_ERROR;
				CLANG_WARN_UNREACHABLE_CODE = YES;
				CLANG_WARN__DUPLICATE_METHOD_MATCH = YES;
				"CODE_SIGN_IDENTITY[sdk=iphoneos*]" = "iPhone Developer";
				COPY_PHASE_STRIP = NO;
				DEBUG_INFORMATION_FORMAT = "dwarf-with-dsym";
				ENABLE_NS_ASSERTIONS = NO;
				ENABLE_STRICT_OBJC_MSGSEND = YES;
				GCC_C_LANGUAGE_STANDARD = gnu99;
				GCC_NO_COMMON_BLOCKS = YES;
				GCC_WARN_64_TO_32_BIT_CONVERSION = YES;
				GCC_WARN_ABOUT_RETURN_TYPE = YES_ERROR;
				GCC_WARN_UNDECLARED_SELECTOR = YES;
				GCC_WARN_UNINITIALIZED_AUTOS = YES_AGGRESSIVE;
				GCC_WARN_UNUSED_FUNCTION = YES;
				GCC_WARN_UNUSED_VARIABLE = YES;
				IPHONEOS_DEPLOYMENT_TARGET = 9.3;
				MTL_ENABLE_DEBUG_INFO = NO;
				SDKROOT = iphoneos;
				TARGETED_DEVICE_FAMILY = "1,2";
				VALIDATE_PRODUCT = YES;
			};
			name = Release;
		};
		18B3AE441D1B0F8A00389895 /* Debug */ = {
			isa = XCBuildConfiguration;
			baseConfigurationReference = E989D42DD0200764532F27C1 /* Pods-RestaurantApp.debug.xcconfig */;
			buildSettings = {
				ASSETCATALOG_COMPILER_APPICON_NAME = AppIcon;
				CODE_SIGN_IDENTITY = "iPhone Developer";
				"CODE_SIGN_IDENTITY[sdk=iphoneos*]" = "iPhone Developer";
				INFOPLIST_FILE = "$(SRCROOT)/RestaurantApp/Resources/Info.plist";
				IPHONEOS_DEPLOYMENT_TARGET = 9.3;
				LD_RUNPATH_SEARCH_PATHS = "$(inherited) @executable_path/Frameworks";
				PRODUCT_BUNDLE_IDENTIFIER = RestaurantApp;
				PRODUCT_NAME = "$(TARGET_NAME)";
				PROVISIONING_PROFILE = "";
				SWIFT_OBJC_BRIDGING_HEADER = "RestaurantApp-Bridging-Header.h";
				SWIFT_VERSION = 2.3;
				TARGETED_DEVICE_FAMILY = 2;
			};
			name = Debug;
		};
		18B3AE451D1B0F8A00389895 /* Release */ = {
			isa = XCBuildConfiguration;
			baseConfigurationReference = C64D0CD9ED7423AED75345F3 /* Pods-RestaurantApp.release.xcconfig */;
			buildSettings = {
				ASSETCATALOG_COMPILER_APPICON_NAME = AppIcon;
				CODE_SIGN_IDENTITY = "iPhone Developer";
				"CODE_SIGN_IDENTITY[sdk=iphoneos*]" = "iPhone Developer";
				INFOPLIST_FILE = "$(SRCROOT)/RestaurantApp/Resources/Info.plist";
				IPHONEOS_DEPLOYMENT_TARGET = 9.3;
				LD_RUNPATH_SEARCH_PATHS = "$(inherited) @executable_path/Frameworks";
				PRODUCT_BUNDLE_IDENTIFIER = RestaurantApp;
				PRODUCT_NAME = "$(TARGET_NAME)";
				PROVISIONING_PROFILE = "";
				SWIFT_OBJC_BRIDGING_HEADER = "RestaurantApp-Bridging-Header.h";
				SWIFT_VERSION = 2.3;
				TARGETED_DEVICE_FAMILY = 2;
			};
			name = Release;
		};
/* End XCBuildConfiguration section */

/* Begin XCConfigurationList section */
		18B3AE291D1B0F8900389895 /* Build configuration list for PBXProject "RestaurantApp" */ = {
			isa = XCConfigurationList;
			buildConfigurations = (
				18B3AE411D1B0F8A00389895 /* Debug */,
				18B3AE421D1B0F8A00389895 /* Release */,
			);
			defaultConfigurationIsVisible = 0;
			defaultConfigurationName = Release;
		};
		18B3AE431D1B0F8A00389895 /* Build configuration list for PBXNativeTarget "RestaurantApp" */ = {
			isa = XCConfigurationList;
			buildConfigurations = (
				18B3AE441D1B0F8A00389895 /* Debug */,
				18B3AE451D1B0F8A00389895 /* Release */,
			);
			defaultConfigurationIsVisible = 0;
			defaultConfigurationName = Release;
		};
/* End XCConfigurationList section */

/* Begin XCVersionGroup section */
		18B3AE5A1D1B139200389895 /* RestaurantApp.xcdatamodeld */ = {
			isa = XCVersionGroup;
			children = (
				18B3AE5B1D1B139200389895 /* RestaurantApp.xcdatamodel */,
			);
			currentVersion = 18B3AE5B1D1B139200389895 /* RestaurantApp.xcdatamodel */;
			name = RestaurantApp.xcdatamodeld;
			path = Resources/RestaurantApp.xcdatamodeld;
			sourceTree = "<group>";
			versionGroupType = wrapper.xcdatamodel;
		};
/* End XCVersionGroup section */
	};
	rootObject = 18B3AE261D1B0F8900389895 /* Project object */;
}
